
Microsoft Visual Studio Solution File, Format Version 12.00
Project("{FAE04EC0-301F-11D3-BF4B-00C04F79EFBC}") = "rambo", "rambo\rambo.csproj", "{724011DD-3FBA-42FF-A440-757623DFCF50}"
EndProject
Global
	GlobalSection(SolutionConfigurationPlatforms) = preSolution
		Debug|Any CPU = Debug|Any CPU
		Release|Any CPU = Release|Any CPU
	EndGlobalSection
	GlobalSection(ProjectConfigurationPlatforms) = postSolution
		{724011DD-3FBA-42FF-A440-757623DFCF50}.Debug|Any CPU.ActiveCfg = Debug|Any CPU
		{724011DD-3FBA-42FF-A440-757623DFCF50}.Debug|Any CPU.Build.0 = Debug|Any CPU
		{724011DD-3FBA-42FF-A440-757623DFCF50}.Release|Any CPU.ActiveCfg = Release|Any CPU
		{724011DD-3FBA-42FF-A440-757623DFCF50}.Release|Any CPU.Build.0 = Release|Any CPU
	EndGlobalSection
EndGlobal
